PODS:
  - Alamofire (5.0.0.beta.1)
  - DeepDiff (1.4.0)

DEPENDENCIES:
  - Alamofire (~> 5.0.0.beta.1)
  - DeepDiff

SPEC REPOS:
  https://github.com/cocoapods/specs.git:
    - Alamofire
    - DeepDiff

SPEC CHECKSUMS:
  Alamofire: 2ef6d6c984c5d21c366e9b41a9ae7dfee2b67a44
  DeepDiff: c4dea751ace912310e0668ec3b2e5ebf06831c0d

PODFILE CHECKSUM: ffd62b3488b44b3ee357a6c0c9cf5c30b44e5b96

COCOAPODS: 1.5.3
